// !$*UTF8*$!
{
	archiveVersion = 1;
	classes = {
	};
	objectVersion = 46;
	objects = {

/* Begin PBXBuildFile section */
		016E55E31FDDD4C000C3063A /* AboutViewController.swift in Sources */ = {isa = PBXBuildFile; fileRef = 016E55E21FDDD4C000C3063A /* AboutViewController.swift */; };
		7A948B081F3E1F48002C476E /* AppDelegate.swift in Sources */ = {isa = PBXBuildFile; fileRef = 7A948B071F3E1F48002C476E /* AppDelegate.swift */; };
		7A948B0A1F3E1F48002C476E /* MainViewController.swift in Sources */ = {isa = PBXBuildFile; fileRef = 7A948B091F3E1F48002C476E /* MainViewController.swift */; };
		7A948B0F1F3E1F48002C476E /* Main.storyboard in Resources */ = {isa = PBXBuildFile; fileRef = 7A948B0D1F3E1F48002C476E /* Main.storyboard */; };
		7A948B111F3E1F48002C476E /* Assets.xcassets in Resources */ = {isa = PBXBuildFile; fileRef = 7A948B101F3E1F48002C476E /* Assets.xcassets */; };
		7A948B141F3E1F48002C476E /* LaunchScreen.storyboard in Resources */ = {isa = PBXBuildFile; fileRef = 7A948B121F3E1F48002C476E /* LaunchScreen.storyboard */; };
		7A948B1F1F3E1F48002C476E /* WalkTestTests.swift in Sources */ = {isa = PBXBuildFile; fileRef = 7A948B1E1F3E1F48002C476E /* WalkTestTests.swift */; };
		7AB208DA1F4200D00024229E /* SettingsTableViewController.swift in Sources */ = {isa = PBXBuildFile; fileRef = 7AB208D91F4200D00024229E /* SettingsTableViewController.swift */; };
		7ADC1C271F423402008BDE83 /* HTML in Resources */ = {isa = PBXBuildFile; fileRef = 7ADC1C261F423402008BDE83 /* HTML */; };
		7ADC1C291F423495008BDE83 /* HelpViewController.swift in Sources */ = {isa = PBXBuildFile; fileRef = 7ADC1C281F423495008BDE83 /* HelpViewController.swift */; };
		FB9E2337201540AC00CB83DE /* CommonData.swift in Sources */ = {isa = PBXBuildFile; fileRef = FB9E2336201540AC00CB83DE /* CommonData.swift */; };
		FB9E233920154A6800CB83DE /* FloatBoxing.swift in Sources */ = {isa = PBXBuildFile; fileRef = FB9E233820154A6800CB83DE /* FloatBoxing.swift */; };
		FB9E233B20154AAC00CB83DE /* LeftSteps.swift in Sources */ = {isa = PBXBuildFile; fileRef = FB9E233A20154AAC00CB83DE /* LeftSteps.swift */; };
		FB9E233D20154D3700CB83DE /* RightSteps.swift in Sources */ = {isa = PBXBuildFile; fileRef = FB9E233C20154D3700CB83DE /* RightSteps.swift */; };
		FB9E233F20154E2F00CB83DE /* UserInfo.swift in Sources */ = {isa = PBXBuildFile; fileRef = FB9E233E20154E2F00CB83DE /* UserInfo.swift */; };
		FB9E2341201552A800CB83DE /* Walkway.swift in Sources */ = {isa = PBXBuildFile; fileRef = FB9E2340201552A800CB83DE /* Walkway.swift */; };
		FB9E23452015531900CB83DE /* LoadDataFunction.swift in Sources */ = {isa = PBXBuildFile; fileRef = FB9E23442015531900CB83DE /* LoadDataFunction.swift */; };
		FB9E23472015532900CB83DE /* MainFunctionTask.swift in Sources */ = {isa = PBXBuildFile; fileRef = FB9E23462015532900CB83DE /* MainFunctionTask.swift */; };
		FB9E23492015532E00CB83DE /* SaveRawDataFunction.swift in Sources */ = {isa = PBXBuildFile; fileRef = FB9E23482015532E00CB83DE /* SaveRawDataFunction.swift */; };
		FB9E234B2015535800CB83DE /* StepsWalkFunction.swift in Sources */ = {isa = PBXBuildFile; fileRef = FB9E234A2015535800CB83DE /* StepsWalkFunction.swift */; };
		FB9E234E2015538A00CB83DE /* MainHandler.swift in Sources */ = {isa = PBXBuildFile; fileRef = FB9E234D2015538A00CB83DE /* MainHandler.swift */; };
		FB9E2350201553A000CB83DE /* SensorDataRunnable.swift in Sources */ = {isa = PBXBuildFile; fileRef = FB9E234F201553A000CB83DE /* SensorDataRunnable.swift */; };
		FB9E2352201553AE00CB83DE /* TimeRunnable.swift in Sources */ = {isa = PBXBuildFile; fileRef = FB9E2351201553AE00CB83DE /* TimeRunnable.swift */; };
/* End PBXBuildFile section */

/* Begin PBXContainerItemProxy section */
		7A948B1B1F3E1F48002C476E /* PBXContainerItemProxy */ = {
			isa = PBXContainerItemProxy;
			containerPortal = 7A948AFC1F3E1F48002C476E /* Project object */;
			proxyType = 1;
			remoteGlobalIDString = 7A948B031F3E1F48002C476E;
			remoteInfo = WalkTest;
		};
/* End PBXContainerItemProxy section */

/* Begin PBXFileReference section */
		016E55E21FDDD4C000C3063A /* AboutViewController.swift */ = {isa = PBXFileReference; fileEncoding = 4; lastKnownFileType = sourcecode.swift; path = AboutViewController.swift; sourceTree = "<group>"; };
		7A948B041F3E1F48002C476E /* WalkTest.app */ = {isa = PBXFileReference; explicitFileType = wrapper.application; includeInIndex = 0; path = WalkTest.app; sourceTree = BUILT_PRODUCTS_DIR; };
		7A948B071F3E1F48002C476E /* AppDelegate.swift */ = {isa = PBXFileReference; lastKnownFileType = sourcecode.swift; path = AppDelegate.swift; sourceTree = "<group>"; };
		7A948B091F3E1F48002C476E /* MainViewController.swift */ = {isa = PBXFileReference; lastKnownFileType = sourcecode.swift; path = MainViewController.swift; sourceTree = "<group>"; };
		7A948B0E1F3E1F48002C476E /* Base */ = {isa = PBXFileReference; lastKnownFileType = file.storyboard; name = Base; path = Base.lproj/Main.storyboard; sourceTree = "<group>"; };
		7A948B101F3E1F48002C476E /* Assets.xcassets */ = {isa = PBXFileReference; lastKnownFileType = folder.assetcatalog; path = Assets.xcassets; sourceTree = "<group>"; };
		7A948B131F3E1F48002C476E /* Base */ = {isa = PBXFileReference; lastKnownFileType = file.storyboard; name = Base; path = Base.lproj/LaunchScreen.storyboard; sourceTree = "<group>"; };
		7A948B151F3E1F48002C476E /* Info.plist */ = {isa = PBXFileReference; lastKnownFileType = text.plist.xml; path = Info.plist; sourceTree = "<group>"; };
		7A948B1A1F3E1F48002C476E /* WalkTestTests.xctest */ = {isa = PBXFileReference; explicitFileType = wrapper.cfbundle; includeInIndex = 0; path = WalkTestTests.xctest; sourceTree = BUILT_PRODUCTS_DIR; };
		7A948B1E1F3E1F48002C476E /* WalkTestTests.swift */ = {isa = PBXFileReference; lastKnownFileType = sourcecode.swift; path = WalkTestTests.swift; sourceTree = "<group>"; };
		7A948B201F3E1F48002C476E /* Info.plist */ = {isa = PBXFileReference; lastKnownFileType = text.plist.xml; path = Info.plist; sourceTree = "<group>"; };
		7A948B2A1F3E3DAE002C476E /* en */ = {isa = PBXFileReference; lastKnownFileType = text.plist.strings; name = en; path = en.lproj/Main.strings; sourceTree = "<group>"; };
		7AB208D91F4200D00024229E /* SettingsTableViewController.swift */ = {isa = PBXFileReference; fileEncoding = 4; lastKnownFileType = sourcecode.swift; path = SettingsTableViewController.swift; sourceTree = "<group>"; };
		7ADC1C261F423402008BDE83 /* HTML */ = {isa = PBXFileReference; lastKnownFileType = folder; path = HTML; sourceTree = "<group>"; };
		7ADC1C281F423495008BDE83 /* HelpViewController.swift */ = {isa = PBXFileReference; fileEncoding = 4; lastKnownFileType = sourcecode.swift; path = HelpViewController.swift; sourceTree = "<group>"; };
		FB9E2336201540AC00CB83DE /* CommonData.swift */ = {isa = PBXFileReference; lastKnownFileType = sourcecode.swift; path = CommonData.swift; sourceTree = "<group>"; };
		FB9E233820154A6800CB83DE /* FloatBoxing.swift */ = {isa = PBXFileReference; lastKnownFileType = sourcecode.swift; path = FloatBoxing.swift; sourceTree = "<group>"; };
		FB9E233A20154AAC00CB83DE /* LeftSteps.swift */ = {isa = PBXFileReference; lastKnownFileType = sourcecode.swift; path = LeftSteps.swift; sourceTree = "<group>"; };
		FB9E233C20154D3700CB83DE /* RightSteps.swift */ = {isa = PBXFileReference; lastKnownFileType = sourcecode.swift; path = RightSteps.swift; sourceTree = "<group>"; };
		FB9E233E20154E2F00CB83DE /* UserInfo.swift */ = {isa = PBXFileReference; lastKnownFileType = sourcecode.swift; path = UserInfo.swift; sourceTree = "<group>"; };
		FB9E2340201552A800CB83DE /* Walkway.swift */ = {isa = PBXFileReference; lastKnownFileType = sourcecode.swift; path = Walkway.swift; sourceTree = "<group>"; };
		FB9E23442015531900CB83DE /* LoadDataFunction.swift */ = {isa = PBXFileReference; lastKnownFileType = sourcecode.swift; path = LoadDataFunction.swift; sourceTree = "<group>"; };
		FB9E23462015532900CB83DE /* MainFunctionTask.swift */ = {isa = PBXFileReference; lastKnownFileType = sourcecode.swift; path = MainFunctionTask.swift; sourceTree = "<group>"; };
		FB9E23482015532E00CB83DE /* SaveRawDataFunction.swift */ = {isa = PBXFileReference; lastKnownFileType = sourcecode.swift; path = SaveRawDataFunction.swift; sourceTree = "<group>"; };
		FB9E234A2015535800CB83DE /* StepsWalkFunction.swift */ = {isa = PBXFileReference; lastKnownFileType = sourcecode.swift; path = StepsWalkFunction.swift; sourceTree = "<group>"; };
		FB9E234D2015538A00CB83DE /* MainHandler.swift */ = {isa = PBXFileReference; lastKnownFileType = sourcecode.swift; path = MainHandler.swift; sourceTree = "<group>"; };
		FB9E234F201553A000CB83DE /* SensorDataRunnable.swift */ = {isa = PBXFileReference; lastKnownFileType = sourcecode.swift; path = SensorDataRunnable.swift; sourceTree = "<group>"; };
		FB9E2351201553AE00CB83DE /* TimeRunnable.swift */ = {isa = PBXFileReference; lastKnownFileType = sourcecode.swift; path = TimeRunnable.swift; sourceTree = "<group>"; };
/* End PBXFileReference section */

/* Begin PBXFrameworksBuildPhase section */
		7A948B011F3E1F48002C476E /* Frameworks */ = {
			isa = PBXFrameworksBuildPhase;
			buildActionMask = 2147483647;
			files = (
			);
			runOnlyForDeploymentPostprocessing = 0;
		};
		7A948B171F3E1F48002C476E /* Frameworks */ = {
			isa = PBXFrameworksBuildPhase;
			buildActionMask = 2147483647;
			files = (
			);
			runOnlyForDeploymentPostprocessing = 0;
		};
/* End PBXFrameworksBuildPhase section */

/* Begin PBXGroup section */
		7A948AFB1F3E1F48002C476E = {
			isa = PBXGroup;
			children = (
				7A948B061F3E1F48002C476E /* WalkTest */,
				7A948B1D1F3E1F48002C476E /* WalkTestTests */,
				7A948B051F3E1F48002C476E /* Products */,
			);
			sourceTree = "<group>";
		};
		7A948B051F3E1F48002C476E /* Products */ = {
			isa = PBXGroup;
			children = (
				7A948B041F3E1F48002C476E /* WalkTest.app */,
				7A948B1A1F3E1F48002C476E /* WalkTestTests.xctest */,
			);
			name = Products;
			sourceTree = "<group>";
		};
		7A948B061F3E1F48002C476E /* WalkTest */ = {
			isa = PBXGroup;
			children = (
				FB9E23432015530800CB83DE /* Threads */,
				FB9E2342201552FE00CB83DE /* Functions */,
				FB9E23352015401700CB83DE /* ViewControllers */,
				FB9E233320153F4500CB83DE /* Data */,
				7ADC1C261F423402008BDE83 /* HTML */,
				7A948B071F3E1F48002C476E /* AppDelegate.swift */,
				7A948B0D1F3E1F48002C476E /* Main.storyboard */,
				7A948B101F3E1F48002C476E /* Assets.xcassets */,
				7A948B121F3E1F48002C476E /* LaunchScreen.storyboard */,
				7A948B151F3E1F48002C476E /* Info.plist */,
			);
			path = WalkTest;
			sourceTree = "<group>";
		};
		7A948B1D1F3E1F48002C476E /* WalkTestTests */ = {
			isa = PBXGroup;
			children = (
				7A948B1E1F3E1F48002C476E /* WalkTestTests.swift */,
				7A948B201F3E1F48002C476E /* Info.plist */,
			);
			path = WalkTestTests;
			sourceTree = "<group>";
		};
		FB9E233320153F4500CB83DE /* Data */ = {
			isa = PBXGroup;
			children = (
				FB9E2336201540AC00CB83DE /* CommonData.swift */,
				FB9E233820154A6800CB83DE /* FloatBoxing.swift */,
				FB9E233A20154AAC00CB83DE /* LeftSteps.swift */,
				FB9E233C20154D3700CB83DE /* RightSteps.swift */,
				FB9E233E20154E2F00CB83DE /* UserInfo.swift */,
				FB9E2340201552A800CB83DE /* Walkway.swift */,
			);
			path = Data;
			sourceTree = "<group>";
		};
		FB9E23352015401700CB83DE /* ViewControllers */ = {
			isa = PBXGroup;
			children = (
				7A948B091F3E1F48002C476E /* MainViewController.swift */,
				7AB208D91F4200D00024229E /* SettingsTableViewController.swift */,
				7ADC1C281F423495008BDE83 /* HelpViewController.swift */,
				016E55E21FDDD4C000C3063A /* AboutViewController.swift */,
			);
			name = ViewControllers;
			sourceTree = "<group>";
		};
		FB9E2342201552FE00CB83DE /* Functions */ = {
			isa = PBXGroup;
			children = (
				FB9E23442015531900CB83DE /* LoadDataFunction.swift */,
				FB9E23462015532900CB83DE /* MainFunctionTask.swift */,
				FB9E23482015532E00CB83DE /* SaveRawDataFunction.swift */,
				FB9E234A2015535800CB83DE /* StepsWalkFunction.swift */,
			);
			path = Functions;
			sourceTree = "<group>";
		};
		FB9E23432015530800CB83DE /* Threads */ = {
			isa = PBXGroup;
			children = (
				FB9E234D2015538A00CB83DE /* MainHandler.swift */,
				FB9E234F201553A000CB83DE /* SensorDataRunnable.swift */,
				FB9E2351201553AE00CB83DE /* TimeRunnable.swift */,
			);
			path = Threads;
			sourceTree = "<group>";
		};
/* End PBXGroup section */

/* Begin PBXNativeTarget section */
		7A948B031F3E1F48002C476E /* WalkTest */ = {
			isa = PBXNativeTarget;
			buildConfigurationList = 7A948B231F3E1F48002C476E /* Build configuration list for PBXNativeTarget "WalkTest" */;
			buildPhases = (
				7A948B001F3E1F48002C476E /* Sources */,
				7A948B011F3E1F48002C476E /* Frameworks */,
				7A948B021F3E1F48002C476E /* Resources */,
			);
			buildRules = (
			);
			dependencies = (
			);
			name = WalkTest;
			productName = WalkTest;
			productReference = 7A948B041F3E1F48002C476E /* WalkTest.app */;
			productType = "com.apple.product-type.application";
		};
		7A948B191F3E1F48002C476E /* WalkTestTests */ = {
			isa = PBXNativeTarget;
			buildConfigurationList = 7A948B261F3E1F48002C476E /* Build configuration list for PBXNativeTarget "WalkTestTests" */;
			buildPhases = (
				7A948B161F3E1F48002C476E /* Sources */,
				7A948B171F3E1F48002C476E /* Frameworks */,
				7A948B181F3E1F48002C476E /* Resources */,
			);
			buildRules = (
			);
			dependencies = (
				7A948B1C1F3E1F48002C476E /* PBXTargetDependency */,
			);
			name = WalkTestTests;
			productName = WalkTestTests;
			productReference = 7A948B1A1F3E1F48002C476E /* WalkTestTests.xctest */;
			productType = "com.apple.product-type.bundle.unit-test";
		};
/* End PBXNativeTarget section */

/* Begin PBXProject section */
		7A948AFC1F3E1F48002C476E /* Project object */ = {
			isa = PBXProject;
			attributes = {
				LastSwiftUpdateCheck = 0830;
				LastUpgradeCheck = 0830;
				ORGANIZATIONNAME = OHRI;
				TargetAttributes = {
					7A948B031F3E1F48002C476E = {
						CreatedOnToolsVersion = 8.3.3;
						DevelopmentTeam = XL2QLB663K;
						ProvisioningStyle = Automatic;
					};
					7A948B191F3E1F48002C476E = {
						CreatedOnToolsVersion = 8.3.3;
						ProvisioningStyle = Automatic;
						TestTargetID = 7A948B031F3E1F48002C476E;
					};
				};
			};
			buildConfigurationList = 7A948AFF1F3E1F48002C476E /* Build configuration list for PBXProject "WalkTest" */;
			compatibilityVersion = "Xcode 3.2";
			developmentRegion = English;
			hasScannedForEncodings = 0;
			knownRegions = (
				en,
				Base,
			);
			mainGroup = 7A948AFB1F3E1F48002C476E;
			productRefGroup = 7A948B051F3E1F48002C476E /* Products */;
			projectDirPath = "";
			projectRoot = "";
			targets = (
				7A948B031F3E1F48002C476E /* WalkTest */,
				7A948B191F3E1F48002C476E /* WalkTestTests */,
			);
		};
/* End PBXProject section */

/* Begin PBXResourcesBuildPhase section */
		7A948B021F3E1F48002C476E /* Resources */ = {
			isa = PBXResourcesBuildPhase;
			buildActionMask = 2147483647;
			files = (
				7A948B141F3E1F48002C476E /* LaunchScreen.storyboard in Resources */,
				7ADC1C271F423402008BDE83 /* HTML in Resources */,
				7A948B111F3E1F48002C476E /* Assets.xcassets in Resources */,
				7A948B0F1F3E1F48002C476E /* Main.storyboard in Resources */,
			);
			runOnlyForDeploymentPostprocessing = 0;
		};
		7A948B181F3E1F48002C476E /* Resources */ = {
			isa = PBXResourcesBuildPhase;
			buildActionMask = 2147483647;
			files = (
			);
			runOnlyForDeploymentPostprocessing = 0;
		};
/* End PBXResourcesBuildPhase section */

/* Begin PBXSourcesBuildPhase section */
		7A948B001F3E1F48002C476E /* Sources */ = {
			isa = PBXSourcesBuildPhase;
			buildActionMask = 2147483647;
			files = (
				FB9E2341201552A800CB83DE /* Walkway.swift in Sources */,
				FB9E23452015531900CB83DE /* LoadDataFunction.swift in Sources */,
				7AB208DA1F4200D00024229E /* SettingsTableViewController.swift in Sources */,
				FB9E234B2015535800CB83DE /* StepsWalkFunction.swift in Sources */,
				FB9E233920154A6800CB83DE /* FloatBoxing.swift in Sources */,
				7A948B081F3E1F48002C476E /* AppDelegate.swift in Sources */,
				FB9E233D20154D3700CB83DE /* RightSteps.swift in Sources */,
				FB9E23472015532900CB83DE /* MainFunctionTask.swift in Sources */,
				FB9E2350201553A000CB83DE /* SensorDataRunnable.swift in Sources */,
				FB9E2337201540AC00CB83DE /* CommonData.swift in Sources */,
				FB9E233B20154AAC00CB83DE /* LeftSteps.swift in Sources */,
				FB9E2352201553AE00CB83DE /* TimeRunnable.swift in Sources */,
				FB9E23492015532E00CB83DE /* SaveRawDataFunction.swift in Sources */,
				7A948B0A1F3E1F48002C476E /* MainViewController.swift in Sources */,
				016E55E31FDDD4C000C3063A /* AboutViewController.swift in Sources */,
				FB9E233F20154E2F00CB83DE /* UserInfo.swift in Sources */,
				7ADC1C291F423495008BDE83 /* HelpViewController.swift in Sources */,
				FB9E234E2015538A00CB83DE /* MainHandler.swift in Sources */,
			);
			runOnlyForDeploymentPostprocessing = 0;
		};
		7A948B161F3E1F48002C476E /* Sources */ = {
			isa = PBXSourcesBuildPhase;
			buildActionMask = 2147483647;
			files = (
				7A948B1F1F3E1F48002C476E /* WalkTestTests.swift in Sources */,
			);
			runOnlyForDeploymentPostprocessing = 0;
		};
/* End PBXSourcesBuildPhase section */

/* Begin PBXTargetDependency section */
		7A948B1C1F3E1F48002C476E /* PBXTargetDependency */ = {
			isa = PBXTargetDependency;
			target = 7A948B031F3E1F48002C476E /* WalkTest */;
			targetProxy = 7A948B1B1F3E1F48002C476E /* PBXContainerItemProxy */;
		};
/* End PBXTargetDependency section */

/* Begin PBXVariantGroup section */
		7A948B0D1F3E1F48002C476E /* Main.storyboard */ = {
			isa = PBXVariantGroup;
			children = (
				7A948B0E1F3E1F48002C476E /* Base */,
				7A948B2A1F3E3DAE002C476E /* en */,
			);
			name = Main.storyboard;
			sourceTree = "<group>";
		};
		7A948B121F3E1F48002C476E /* LaunchScreen.storyboard */ = {
			isa = PBXVariantGroup;
			children = (
				7A948B131F3E1F48002C476E /* Base */,
			);
			name = LaunchScreen.storyboard;
			sourceTree = "<group>";
		};
/* End PBXVariantGroup section */

/* Begin XCBuildConfiguration section */
		7A948B211F3E1F48002C476E /* Debug */ = {
			isa = XCBuildConfiguration;
			buildSettings = {
				ALWAYS_SEARCH_USER_PATHS = NO;
				CLANG_ANALYZER_NONNULL = YES;
				CLANG_ANALYZER_NUMBER_OBJECT_CONVERSION = YES_AGGRESSIVE;
				CLANG_CXX_LANGUAGE_STANDARD = "gnu++0x";
				CLANG_CXX_LIBRARY = "libc++";
				CLANG_ENABLE_MODULES = YES;
				CLANG_ENABLE_OBJC_ARC = YES;
				CLANG_WARN_BOOL_CONVERSION = YES;
				CLANG_WARN_CONSTANT_CONVERSION = YES;
				CLANG_WARN_DIRECT_OBJC_ISA_USAGE = YES_ERROR;
				CLANG_WARN_DOCUMENTATION_COMMENTS = YES;
				CLANG_WARN_EMPTY_BODY = YES;
				CLANG_WARN_ENUM_CONVERSION = YES;
				CLANG_WARN_INFINITE_RECURSION = YES;
				CLANG_WARN_INT_CONVERSION = YES;
				CLANG_WARN_OBJC_ROOT_CLASS = YES_ERROR;
				CLANG_WARN_SUSPICIOUS_MOVE = YES;
				CLANG_WARN_UNREACHABLE_CODE = YES;
				CLANG_WARN__DUPLICATE_METHOD_MATCH = YES;
				"CODE_SIGN_IDENTITY[sdk=iphoneos*]" = "iPhone Developer";
				COPY_PHASE_STRIP = NO;
				DEBUG_INFORMATION_FORMAT = dwarf;
				ENABLE_STRICT_OBJC_MSGSEND = YES;
				ENABLE_TESTABILITY = YES;
				GCC_C_LANGUAGE_STANDARD = gnu99;
				GCC_DYNAMIC_NO_PIC = NO;
				GCC_NO_COMMON_BLOCKS = YES;
				GCC_OPTIMIZATION_LEVEL = 0;
				GCC_PREPROCESSOR_DEFINITIONS = (
					"DEBUG=1",
					"$(inherited)",
				);
				GCC_WARN_64_TO_32_BIT_CONVERSION = YES;
				GCC_WARN_ABOUT_RETURN_TYPE = YES_ERROR;
				GCC_WARN_UNDECLARED_SELECTOR = YES;
				GCC_WARN_UNINITIALIZED_AUTOS = YES_AGGRESSIVE;
				GCC_WARN_UNUSED_FUNCTION = YES;
				GCC_WARN_UNUSED_VARIABLE = YES;
				IPHONEOS_DEPLOYMENT_TARGET = 10.3;
				MTL_ENABLE_DEBUG_INFO = YES;
				ONLY_ACTIVE_ARCH = YES;
				SDKROOT = iphoneos;
				SWIFT_ACTIVE_COMPILATION_CONDITIONS = DEBUG;
				SWIFT_OPTIMIZATION_LEVEL = "-Onone";
			};
			name = Debug;
		};
		7A948B221F3E1F48002C476E /* Release */ = {
			isa = XCBuildConfiguration;
			buildSettings = {
				ALWAYS_SEARCH_USER_PATHS = NO;
				CLANG_ANALYZER_NONNULL = YES;
				CLANG_ANALYZER_NUMBER_OBJECT_CONVERSION = YES_AGGRESSIVE;
				CLANG_CXX_LANGUAGE_STANDARD = "gnu++0x";
				CLANG_CXX_LIBRARY = "libc++";
				CLANG_ENABLE_MODULES = YES;
				CLANG_ENABLE_OBJC_ARC = YES;
				CLANG_WARN_BOOL_CONVERSION = YES;
				CLANG_WARN_CONSTANT_CONVERSION = YES;
				CLANG_WARN_DIRECT_OBJC_ISA_USAGE = YES_ERROR;
				CLANG_WARN_DOCUMENTATION_COMMENTS = YES;
				CLANG_WARN_EMPTY_BODY = YES;
				CLANG_WARN_ENUM_CONVERSION = YES;
				CLANG_WARN_INFINITE_RECURSION = YES;
				CLANG_WARN_INT_CONVERSION = YES;
				CLANG_WARN_OBJC_ROOT_CLASS = YES_ERROR;
				CLANG_WARN_SUSPICIOUS_MOVE = YES;
				CLANG_WARN_UNREACHABLE_CODE = YES;
				CLANG_WARN__DUPLICATE_METHOD_MATCH = YES;
				"CODE_SIGN_IDENTITY[sdk=iphoneos*]" = "iPhone Developer";
				COPY_PHASE_STRIP = NO;
				DEBUG_INFORMATION_FORMAT = "dwarf-with-dsym";
				ENABLE_NS_ASSERTIONS = NO;
				ENABLE_STRICT_OBJC_MSGSEND = YES;
				GCC_C_LANGUAGE_STANDARD = gnu99;
				GCC_NO_COMMON_BLOCKS = YES;
				GCC_WARN_64_TO_32_BIT_CONVERSION = YES;
				GCC_WARN_ABOUT_RETURN_TYPE = YES_ERROR;
				GCC_WARN_UNDECLARED_SELECTOR = YES;
				GCC_WARN_UNINITIALIZED_AUTOS = YES_AGGRESSIVE;
				GCC_WARN_UNUSED_FUNCTION = YES;
				GCC_WARN_UNUSED_VARIABLE = YES;
				IPHONEOS_DEPLOYMENT_TARGET = 10.3;
				MTL_ENABLE_DEBUG_INFO = NO;
				SDKROOT = iphoneos;
				SWIFT_OPTIMIZATION_LEVEL = "-Owholemodule";
				VALIDATE_PRODUCT = YES;
			};
			name = Release;
		};
		7A948B241F3E1F48002C476E /* Debug */ = {
			isa = XCBuildConfiguration;
			buildSettings = {
				ASSETCATALOG_COMPILER_APPICON_NAME = AppIcon;
				DEVELOPMENT_TEAM = XL2QLB663K;
				INFOPLIST_FILE = WalkTest/Info.plist;
				IPHONEOS_DEPLOYMENT_TARGET = 10.3;
				LD_RUNPATH_SEARCH_PATHS = "$(inherited) @executable_path/Frameworks";
				PRODUCT_BUNDLE_IDENTIFIER = ca.irrd.WalkTest;
				PRODUCT_NAME = "$(TARGET_NAME)";
				SWIFT_VERSION = 3.0;
				TARGETED_DEVICE_FAMILY = 1;
			};
			name = Debug;
		};
		7A948B251F3E1F48002C476E /* Release */ = {
			isa = XCBuildConfiguration;
			buildSettings = {
				ASSETCATALOG_COMPILER_APPICON_NAME = AppIcon;
				DEVELOPMENT_TEAM = XL2QLB663K;
				INFOPLIST_FILE = WalkTest/Info.plist;
				IPHONEOS_DEPLOYMENT_TARGET = 10.3;
				LD_RUNPATH_SEARCH_PATHS = "$(inherited) @executable_path/Frameworks";
				PRODUCT_BUNDLE_IDENTIFIER = ca.irrd.WalkTest;
				PRODUCT_NAME = "$(TARGET_NAME)";
				SWIFT_VERSION = 3.0;
				TARGETED_DEVICE_FAMILY = 1;
			};
			name = Release;
		};
		7A948B271F3E1F48002C476E /* Debug */ = {
			isa = XCBuildConfiguration;
			buildSettings = {
				ALWAYS_EMBED_SWIFT_STANDARD_LIBRARIES = YES;
				BUNDLE_LOADER = "$(TEST_HOST)";
				INFOPLIST_FILE = WalkTestTests/Info.plist;
				LD_RUNPATH_SEARCH_PATHS = "$(inherited) @executable_path/Frameworks @loader_path/Frameworks";
				PRODUCT_BUNDLE_IDENTIFIER = ca.irrd.WalkTestTests;
				PRODUCT_NAME = "$(TARGET_NAME)";
				SWIFT_VERSION = 3.0;
				TEST_HOST = "$(BUILT_PRODUCTS_DIR)/WalkTest.app/WalkTest";
			};
			name = Debug;
		};
		7A948B281F3E1F48002C476E /* Release */ = {
			isa = XCBuildConfiguration;
			buildSettings = {
				ALWAYS_EMBED_SWIFT_STANDARD_LIBRARIES = YES;
				BUNDLE_LOADER = "$(TEST_HOST)";
				INFOPLIST_FILE = WalkTestTests/Info.plist;
				LD_RUNPATH_SEARCH_PATHS = "$(inherited) @executable_path/Frameworks @loader_path/Frameworks";
				PRODUCT_BUNDLE_IDENTIFIER = ca.irrd.WalkTestTests;
				PRODUCT_NAME = "$(TARGET_NAME)";
				SWIFT_VERSION = 3.0;
				TEST_HOST = "$(BUILT_PRODUCTS_DIR)/WalkTest.app/WalkTest";
			};
			name = Release;
		};
/* End XCBuildConfiguration section */

/* Begin XCConfigurationList section */
		7A948AFF1F3E1F48002C476E /* Build configuration list for PBXProject "WalkTest" */ = {
			isa = XCConfigurationList;
			buildConfigurations = (
				7A948B211F3E1F48002C476E /* Debug */,
				7A948B221F3E1F48002C476E /* Release */,
			);
			defaultConfigurationIsVisible = 0;
			defaultConfigurationName = Release;
		};
		7A948B231F3E1F48002C476E /* Build configuration list for PBXNativeTarget "WalkTest" */ = {
			isa = XCConfigurationList;
			buildConfigurations = (
				7A948B241F3E1F48002C476E /* Debug */,
				7A948B251F3E1F48002C476E /* Release */,
			);
			defaultConfigurationIsVisible = 0;
			defaultConfigurationName = Release;
		};
		7A948B261F3E1F48002C476E /* Build configuration list for PBXNativeTarget "WalkTestTests" */ = {
			isa = XCConfigurationList;
			buildConfigurations = (
				7A948B271F3E1F48002C476E /* Debug */,
				7A948B281F3E1F48002C476E /* Release */,
			);
			defaultConfigurationIsVisible = 0;
			defaultConfigurationName = Release;
		};
/* End XCConfigurationList section */
	};
	rootObject = 7A948AFC1F3E1F48002C476E /* Project object */;
}
